Microsoft Visual Studio Solution File, Format Version 12.00
# Visual Studio Version 17
VisualStudioVersion = 17.5.2.0
MinimumVisualStudioVersion = 10.0.40219.1
Project("{FAE04EC0-301F-11D3-BF4B-00C04F79EFBC}") = "MicrosoftGraphConsole", "MicrosoftGraphConsole.csproj", "{DE6E09CE-4BE4-A11D-C877-851218D3969A}"
EndProject
Global
	GlobalSection(SolutionConfigurationPlatforms) = preSolution
		Debug|Any CPU = Debug|Any CPU
		Release|Any CPU = Release|Any CPU
	EndGlobalSection
	GlobalSection(ProjectConfigurationPlatforms) = postSolution
		{DE6E09CE-4BE4-A11D-C877-851218D3969A}.Debug|Any CPU.ActiveCfg = Debug|Any CPU
		{DE6E09CE-4BE4-A11D-C877-851218D3969A}.Debug|Any CPU.Build.0 = Debug|Any CPU
		{DE6E09CE-4BE4-A11D-C877-851218D3969A}.Release|Any CPU.ActiveCfg = Release|Any CPU
		{DE6E09CE-4BE4-A11D-C877-851218D3969A}.Release|Any CPU.Build.0 = Release|Any CPU
	EndGlobalSection
	GlobalSection(SolutionProperties) = preSolution
		HideSolutionNode = FALSE
	EndGlobalSection
	GlobalSection(ExtensibilityGlobals) = postSolution
		SolutionGuid = {800ABAE9-1987-414A-A49D-454EB6BA690E}
	EndGlobalSection
EndGlobal
